
Microsoft Visual Studio Solution File, Format Version 12.00
# Visual Studio Version 17
VisualStudioVersion = 17.1.32210.238
MinimumVisualStudioVersion = 10.0.40219.1
Project("{FAE04EC0-301F-11D3-BF4B-00C04F79EFBC}") = "JustLearnForSelf", "JustLearnForSelf\JustLearnForSelf.csproj", "{3BCCEFD9-6C2E-4F9D-B73D-78E4C7497931}"
EndProject
Global
	GlobalSection(SolutionConfigurationPlatforms) = preSolution
		Debug|Any CPU = Debug|Any CPU
		Release|Any CPU = Release|Any CPU
	EndGlobalSection
	GlobalSection(ProjectConfigurationPlatforms) = postSolution
		{3BCCEFD9-6C2E-4F9D-B73D-78E4C7497931}.Debug|Any CPU.ActiveCfg = Debug|Any CPU
		{3BCCEFD9-6C2E-4F9D-B73D-78E4C7497931}.Debug|Any CPU.Build.0 = Debug|Any CPU
		{3BCCEFD9-6C2E-4F9D-B73D-78E4C7497931}.Release|Any CPU.ActiveCfg = Release|Any CPU
		{3BCCEFD9-6C2E-4F9D-B73D-78E4C7497931}.Release|Any CPU.Build.0 = Release|Any CPU
	EndGlobalSection
	GlobalSection(SolutionProperties) = preSolution
		HideSolutionNode = FALSE
	EndGlobalSection
	GlobalSection(ExtensibilityGlobals) = postSolution
		SolutionGuid = {7B14FD4F-CF98-400D-8379-97992C76A94E}
	EndGlobalSection
EndGlobal
