
Microsoft Visual Studio Solution File, Format Version 12.00
# Visual Studio Version 17
VisualStudioVersion = 17.1.32210.238
MinimumVisualStudioVersion = 10.0.40219.1
Project("{FAE04EC0-301F-11D3-BF4B-00C04F79EFBC}") = "AlgoApp", "AlgoApp\AlgoApp.csproj", "{A2CD286F-0B2A-40D4-98B6-246A43A3423F}"
EndProject
Global
	GlobalSection(SolutionConfigurationPlatforms) = preSolution
		Debug|Any CPU = Debug|Any CPU
		Release|Any CPU = Release|Any CPU
	EndGlobalSection
	GlobalSection(ProjectConfigurationPlatforms) = postSolution
		{A2CD286F-0B2A-40D4-98B6-246A43A3423F}.Debug|Any CPU.ActiveCfg = Debug|Any CPU
		{A2CD286F-0B2A-40D4-98B6-246A43A3423F}.Debug|Any CPU.Build.0 = Debug|Any CPU
		{A2CD286F-0B2A-40D4-98B6-246A43A3423F}.Release|Any CPU.ActiveCfg = Release|Any CPU
		{A2CD286F-0B2A-40D4-98B6-246A43A3423F}.Release|Any CPU.Build.0 = Release|Any CPU
	EndGlobalSection
	GlobalSection(SolutionProperties) = preSolution
		HideSolutionNode = FALSE
	EndGlobalSection
	GlobalSection(ExtensibilityGlobals) = postSolution
		SolutionGuid = {D17E9F92-BF2B-4778-A0D2-CE60294720FB}
	EndGlobalSection
EndGlobal
